
Microsoft Visual Studio Solution File, Format Version 12.00
# Visual Studio Version 16
VisualStudioVersion = 16.0.30907.101
MinimumVisualStudioVersion = 10.0.40219.1
Project("{9A19103F-16F7-4668-BE54-9A1E7A4F7556}") = "OcelotApiGateway", "OcelotApiGateway.csproj", "{EC61C944-4004-49ED-830C-1C4C58BC9205}"
EndProject
Global
	GlobalSection(SolutionConfigurationPlatforms) = preSolution
		Debug|Any CPU = Debug|Any CPU
		Release|Any CPU = Release|Any CPU
	EndGlobalSection
	GlobalSection(ProjectConfigurationPlatforms) = postSolution
		{EC61C944-4004-49ED-830C-1C4C58BC9205}.Debug|Any CPU.ActiveCfg = Debug|Any CPU
		{EC61C944-4004-49ED-830C-1C4C58BC9205}.Debug|Any CPU.Build.0 = Debug|Any CPU
		{EC61C944-4004-49ED-830C-1C4C58BC9205}.Release|Any CPU.ActiveCfg = Release|Any CPU
		{EC61C944-4004-49ED-830C-1C4C58BC9205}.Release|Any CPU.Build.0 = Release|Any CPU
	EndGlobalSection
	GlobalSection(SolutionProperties) = preSolution
		HideSolutionNode = FALSE
	EndGlobalSection
	GlobalSection(ExtensibilityGlobals) = postSolution
		SolutionGuid = {64A6449B-A28F-4E97-A752-3BBC07160A2D}
	EndGlobalSection
EndGlobal
